
Microsoft Visual Studio Solution File, Format Version 12.00
# Visual Studio Version 16
VisualStudioVersion = 16.0.30711.63
MinimumVisualStudioVersion = 10.0.40219.1
Project("{FAE04EC0-301F-11D3-BF4B-00C04F79EFBC}") = "DummyDeployment", "DummyDeployment\DummyDeployment.csproj", "{396B2C04-D73E-4726-B17B-C37FA0358218}"
EndProject
Project("{2150E333-8FDC-42A3-9474-1A3956D46DE8}") = "Solution Items", "Solution Items", "{4E6D5EBD-AA5A-4529-9C70-4B3B83B8F2CB}"
	ProjectSection(SolutionItems) = preProject
		..\.github\workflows\build.yml = ..\.github\workflows\build.yml
		..\.github\workflows\deploy.yml = ..\.github\workflows\deploy.yml
		..\manifest.yml = ..\manifest.yml
	EndProjectSection
EndProject
Global
	GlobalSection(SolutionConfigurationPlatforms) = preSolution
		Debug|Any CPU = Debug|Any CPU
		Release|Any CPU = Release|Any CPU
	EndGlobalSection
	GlobalSection(ProjectConfigurationPlatforms) = postSolution
		{396B2C04-D73E-4726-B17B-C37FA0358218}.Debug|Any CPU.ActiveCfg = Debug|Any CPU
		{396B2C04-D73E-4726-B17B-C37FA0358218}.Debug|Any CPU.Build.0 = Debug|Any CPU
		{396B2C04-D73E-4726-B17B-C37FA0358218}.Release|Any CPU.ActiveCfg = Release|Any CPU
		{396B2C04-D73E-4726-B17B-C37FA0358218}.Release|Any CPU.Build.0 = Release|Any CPU
	EndGlobalSection
	GlobalSection(SolutionProperties) = preSolution
		HideSolutionNode = FALSE
	EndGlobalSection
	GlobalSection(ExtensibilityGlobals) = postSolution
		SolutionGuid = {52D5685C-21FA-4E35-83BB-8F206A643E71}
	EndGlobalSection
EndGlobal
